// !$*UTF8*$!
{
	archiveVersion = 1;
	classes = {
	};
	objectVersion = 46;
	objects = {

/* Begin PBXBuildFile section */
		02D6F6C2191BE4CF00314446 /* Cocoa.framework in Frameworks */ = {isa = PBXBuildFile; fileRef = 02D6F6C1191BE4CF00314446 /* Cocoa.framework */; };
		02D6F6CC191BE4CF00314446 /* InfoPlist.strings in Resources */ = {isa = PBXBuildFile; fileRef = 02D6F6CA191BE4CF00314446 /* InfoPlist.strings */; };
		02D6F6CE191BE4CF00314446 /* main.m in Sources */ = {isa = PBXBuildFile; fileRef = 02D6F6CD191BE4CF00314446 /* main.m */; };
		02D6F6D2191BE4CF00314446 /* Credits.rtf in Resources */ = {isa = PBXBuildFile; fileRef = 02D6F6D0191BE4CF00314446 /* Credits.rtf */; };
		02D6F6D5191BE4CF00314446 /* AppDelegate.m in Sources */ = {isa = PBXBuildFile; fileRef = 02D6F6D4191BE4CF00314446 /* AppDelegate.m */; };
		02D6F6D8191BE4CF00314446 /* MainMenu.xib in Resources */ = {isa = PBXBuildFile; fileRef = 02D6F6D6191BE4CF00314446 /* MainMenu.xib */; };
		02D6F6DA191BE4CF00314446 /* Images.xcassets in Resources */ = {isa = PBXBuildFile; fileRef = 02D6F6D9191BE4CF00314446 /* Images.xcassets */; };
		02D6F6E1191BE4CF00314446 /* XCTest.framework in Frameworks */ = {isa = PBXBuildFile; fileRef = 02D6F6E0191BE4CF00314446 /* XCTest.framework */; };
		02D6F6E2191BE4CF00314446 /* Cocoa.framework in Frameworks */ = {isa = PBXBuildFile; fileRef = 02D6F6C1191BE4CF00314446 /* Cocoa.framework */; };
		02D6F6EA191BE4CF00314446 /* InfoPlist.strings in Resources */ = {isa = PBXBuildFile; fileRef = 02D6F6E8191BE4CF00314446 /* InfoPlist.strings */; };
		02D6F6EC191BE4CF00314446 /* backup_bobTests.m in Sources */ = {isa = PBXBuildFile; fileRef = 02D6F6EB191BE4CF00314446 /* backup_bobTests.m */; };
		659F26320DCBA62162FE978C /* FolderPreferencesViewController.m in Sources */ = {isa = PBXBuildFile; fileRef = 659F23A3E60B7D304C652414 /* FolderPreferencesViewController.m */; };
		659F27A3A2BB20C9F4B6D94C /* NSError+ConvenienceCreatorAdditions.m in Sources */ = {isa = PBXBuildFile; fileRef = 659F240CEEC91F34BB1566A9 /* NSError+ConvenienceCreatorAdditions.m */; };
		659F292955826CD9FE5394DB /* GeneralPreferencesViewController.m in Sources */ = {isa = PBXBuildFile; fileRef = 659F2E7025F9A9EB5016A84F /* GeneralPreferencesViewController.m */; };
		659F2C20EE047879C45D40D6 /* GeneralPreferencesViewModel.m in Sources */ = {isa = PBXBuildFile; fileRef = 659F2C4F8CE0A325D9F0F5A2 /* GeneralPreferencesViewModel.m */; };
		AF7AB5C63AC4C801AAAADF9E /* bob-retina_360.png in Resources */ = {isa = PBXBuildFile; fileRef = AF7AB92BDA4AD8AFCDF9F57D /* bob-retina_360.png */; };
		AF7AB6677287149CD3796015 /* StatusBarController.m in Sources */ = {isa = PBXBuildFile; fileRef = AF7AB2A800442D9E7E2F3DCD /* StatusBarController.m */; };
		AF7ABA290E6F2A987F6B6505 /* BackupModel.m in Sources */ = {isa = PBXBuildFile; fileRef = AF7ABC03EEF3FF74ABABF4CB /* BackupModel.m */; };
		AF7ABCAF4ACBBBE4FE4F8A16 /* StatusBarViewModel.m in Sources */ = {isa = PBXBuildFile; fileRef = AF7ABBBA6F7248E8D756BC93 /* StatusBarViewModel.m */; };
		AF7ABE87761A73514189BFDD /* bob-normal_360.png in Resources */ = {isa = PBXBuildFile; fileRef = AF7ABF3940A2857E260136AA /* bob-normal_360.png */; };
		AF7ABF812B112E873606C829 /* TarsnapClient.m in Sources */ = {isa = PBXBuildFile; fileRef = AF7ABC285106443DD9AC1446 /* TarsnapClient.m */; };
		F9163E9B2017457F8BA7B180 /* libPods.a in Frameworks */ = {isa = PBXBuildFile; fileRef = 5B50C1040A8746CE8C176E14 /* libPods.a */; };
/* End PBXBuildFile section */

/* Begin PBXContainerItemProxy section */
		02D6F6E3191BE4CF00314446 /* PBXContainerItemProxy */ = {
			isa = PBXContainerItemProxy;
			containerPortal = 02D6F6B6191BE4CF00314446 /* Project object */;
			proxyType = 1;
			remoteGlobalIDString = 02D6F6BD191BE4CF00314446;
			remoteInfo = "backup-bob";
		};
/* End PBXContainerItemProxy section */

/* Begin PBXFileReference section */
		02D6F6BE191BE4CF00314446 /* backup-bob.app */ = {isa = PBXFileReference; explicitFileType = wrapper.application; includeInIndex = 0; path = "backup-bob.app"; sourceTree = BUILT_PRODUCTS_DIR; };
		02D6F6C1191BE4CF00314446 /* Cocoa.framework */ = {isa = PBXFileReference; lastKnownFileType = wrapper.framework; name = Cocoa.framework; path = System/Library/Frameworks/Cocoa.framework; sourceTree = SDKROOT; };
		02D6F6C4191BE4CF00314446 /* AppKit.framework */ = {isa = PBXFileReference; lastKnownFileType = wrapper.framework; name = AppKit.framework; path = System/Library/Frameworks/AppKit.framework; sourceTree = SDKROOT; };
		02D6F6C5191BE4CF00314446 /* CoreData.framework */ = {isa = PBXFileReference; lastKnownFileType = wrapper.framework; name = CoreData.framework; path = System/Library/Frameworks/CoreData.framework; sourceTree = SDKROOT; };
		02D6F6C6191BE4CF00314446 /* Foundation.framework */ = {isa = PBXFileReference; lastKnownFileType = wrapper.framework; name = Foundation.framework; path = System/Library/Frameworks/Foundation.framework; sourceTree = SDKROOT; };
		02D6F6C9191BE4CF00314446 /* backup-bob-Info.plist */ = {isa = PBXFileReference; lastKnownFileType = text.plist.xml; path = "backup-bob-Info.plist"; sourceTree = "<group>"; };
		02D6F6CB191BE4CF00314446 /* en */ = {isa = PBXFileReference; lastKnownFileType = text.plist.strings; name = en; path = en.lproj/InfoPlist.strings; sourceTree = "<group>"; };
		02D6F6CD191BE4CF00314446 /* main.m */ = {isa = PBXFileReference; lastKnownFileType = sourcecode.c.objc; path = main.m; sourceTree = "<group>"; };
		02D6F6CF191BE4CF00314446 /* backup-bob-Prefix.pch */ = {isa = PBXFileReference; lastKnownFileType = sourcecode.c.h; path = "backup-bob-Prefix.pch"; sourceTree = "<group>"; };
		02D6F6D1191BE4CF00314446 /* en */ = {isa = PBXFileReference; lastKnownFileType = text.rtf; name = en; path = en.lproj/Credits.rtf; sourceTree = "<group>"; };
		02D6F6D3191BE4CF00314446 /* AppDelegate.h */ = {isa = PBXFileReference; lastKnownFileType = sourcecode.c.h; path = AppDelegate.h; sourceTree = "<group>"; };
		02D6F6D4191BE4CF00314446 /* AppDelegate.m */ = {isa = PBXFileReference; lastKnownFileType = sourcecode.c.objc; path = AppDelegate.m; sourceTree = "<group>"; };
		02D6F6D7191BE4CF00314446 /* Base */ = {isa = PBXFileReference; lastKnownFileType = file.xib; name = Base; path = Base.lproj/MainMenu.xib; sourceTree = "<group>"; };
		02D6F6D9191BE4CF00314446 /* Images.xcassets */ = {isa = PBXFileReference; lastKnownFileType = folder.assetcatalog; path = Images.xcassets; sourceTree = "<group>"; };
		02D6F6DF191BE4CF00314446 /* backup-bobTests.xctest */ = {isa = PBXFileReference; explicitFileType = wrapper.cfbundle; includeInIndex = 0; path = "backup-bobTests.xctest"; sourceTree = BUILT_PRODUCTS_DIR; };
		02D6F6E0191BE4CF00314446 /* XCTest.framework */ = {isa = PBXFileReference; lastKnownFileType = wrapper.framework; name = XCTest.framework; path = Library/Frameworks/XCTest.framework; sourceTree = DEVELOPER_DIR; };
		02D6F6E7191BE4CF00314446 /* backup-bobTests-Info.plist */ = {isa = PBXFileReference; lastKnownFileType = text.plist.xml; path = "backup-bobTests-Info.plist"; sourceTree = "<group>"; };
		02D6F6E9191BE4CF00314446 /* en */ = {isa = PBXFileReference; lastKnownFileType = text.plist.strings; name = en; path = en.lproj/InfoPlist.strings; sourceTree = "<group>"; };
		02D6F6EB191BE4CF00314446 /* backup_bobTests.m */ = {isa = PBXFileReference; lastKnownFileType = sourcecode.c.objc; path = backup_bobTests.m; sourceTree = "<group>"; };
		507C52DF7CFC472EAC2BEA97 /* Pods.xcconfig */ = {isa = PBXFileReference; includeInIndex = 1; lastKnownFileType = text.xcconfig; name = Pods.xcconfig; path = Pods/Pods.xcconfig; sourceTree = "<group>"; };
		5B50C1040A8746CE8C176E14 /* libPods.a */ = {isa = PBXFileReference; explicitFileType = archive.ar; includeInIndex = 0; path = libPods.a; sourceTree = BUILT_PRODUCTS_DIR; };
		659F226374C5BE1E7517B01B /* FolderPreferencesViewController.h */ = {isa = PBXFileReference; fileEncoding = 4; lastKnownFileType = sourcecode.c.h; path = FolderPreferencesViewController.h; sourceTree = "<group>"; };
		659F23A3E60B7D304C652414 /* FolderPreferencesViewController.m */ = {isa = PBXFileReference; fileEncoding = 4; lastKnownFileType = sourcecode.c.objc; path = FolderPreferencesViewController.m; sourceTree = "<group>"; };
		659F240CEEC91F34BB1566A9 /* NSError+ConvenienceCreatorAdditions.m */ = {isa = PBXFileReference; fileEncoding = 4; lastKnownFileType = sourcecode.c.objc; path = "NSError+ConvenienceCreatorAdditions.m"; sourceTree = "<group>"; };
		659F27C98E4718CFB62B873C /* GeneralPreferencesViewController.h */ = {isa = PBXFileReference; fileEncoding = 4; lastKnownFileType = sourcecode.c.h; path = GeneralPreferencesViewController.h; sourceTree = "<group>"; };
		659F290947959BC907DC5758 /* NSError+ConvenienceCreatorAdditions.h */ = {isa = PBXFileReference; fileEncoding = 4; lastKnownFileType = sourcecode.c.h; path = "NSError+ConvenienceCreatorAdditions.h"; sourceTree = "<group>"; };
		659F291BC77B77A823CE7CC0 /* GeneralPreferencesViewModel.h */ = {isa = PBXFileReference; fileEncoding = 4; lastKnownFileType = sourcecode.c.h; path = GeneralPreferencesViewModel.h; sourceTree = "<group>"; };
		659F2C4F8CE0A325D9F0F5A2 /* GeneralPreferencesViewModel.m */ = {isa = PBXFileReference; fileEncoding = 4; lastKnownFileType = sourcecode.c.objc; path = GeneralPreferencesViewModel.m; sourceTree = "<group>"; };
		659F2E7025F9A9EB5016A84F /* GeneralPreferencesViewController.m */ = {isa = PBXFileReference; fileEncoding = 4; lastKnownFileType = sourcecode.c.objc; path = GeneralPreferencesViewController.m; sourceTree = "<group>"; };
		AF7AB0E0E1D7EBDA3C99DAB0 /* TarsnapClient.h */ = {isa = PBXFileReference; fileEncoding = 4; lastKnownFileType = sourcecode.c.h; path = TarsnapClient.h; sourceTree = "<group>"; };
		AF7AB2A800442D9E7E2F3DCD /* StatusBarController.m */ = {isa = PBXFileReference; fileEncoding = 4; lastKnownFileType = sourcecode.c.objc; path = StatusBarController.m; sourceTree = "<group>"; };
		AF7AB2ED9ED488450F07D5AE /* StatusBarViewModel.h */ = {isa = PBXFileReference; fileEncoding = 4; lastKnownFileType = sourcecode.c.h; path = StatusBarViewModel.h; sourceTree = "<group>"; };
		AF7AB69644AA702450D6AC69 /* BackupModel.h */ = {isa = PBXFileReference; fileEncoding = 4; lastKnownFileType = sourcecode.c.h; path = BackupModel.h; sourceTree = "<group>"; };
		AF7AB7061C2A9EBE19973BCC /* StatusBarController.h */ = {isa = PBXFileReference; fileEncoding = 4; lastKnownFileType = sourcecode.c.h; path = StatusBarController.h; sourceTree = "<group>"; };
		AF7AB92BDA4AD8AFCDF9F57D /* bob-retina_360.png */ = {isa = PBXFileReference; lastKnownFileType = image.png; path = "bob-retina_360.png"; sourceTree = "<group>"; };
		AF7ABBBA6F7248E8D756BC93 /* StatusBarViewModel.m */ = {isa = PBXFileReference; fileEncoding = 4; lastKnownFileType = sourcecode.c.objc; path = StatusBarViewModel.m; sourceTree = "<group>"; };
		AF7ABC03EEF3FF74ABABF4CB /* BackupModel.m */ = {isa = PBXFileReference; fileEncoding = 4; lastKnownFileType = sourcecode.c.objc; path = BackupModel.m; sourceTree = "<group>"; };
		AF7ABC285106443DD9AC1446 /* TarsnapClient.m */ = {isa = PBXFileReference; fileEncoding = 4; lastKnownFileType = sourcecode.c.objc; path = TarsnapClient.m; sourceTree = "<group>"; };
		AF7ABF3940A2857E260136AA /* bob-normal_360.png */ = {isa = PBXFileReference; lastKnownFileType = image.png; path = "bob-normal_360.png"; sourceTree = "<group>"; };
/* End PBXFileReference section */

/* Begin PBXFrameworksBuildPhase section */
		02D6F6BB191BE4CF00314446 /* Frameworks */ = {
			isa = PBXFrameworksBuildPhase;
			buildActionMask = 2147483647;
			files = (
				02D6F6C2191BE4CF00314446 /* Cocoa.framework in Frameworks */,
				F9163E9B2017457F8BA7B180 /* libPods.a in Frameworks */,
			);
			runOnlyForDeploymentPostprocessing = 0;
		};
		02D6F6DC191BE4CF00314446 /* Frameworks */ = {
			isa = PBXFrameworksBuildPhase;
			buildActionMask = 2147483647;
			files = (
				02D6F6E2191BE4CF00314446 /* Cocoa.framework in Frameworks */,
				02D6F6E1191BE4CF00314446 /* XCTest.framework in Frameworks */,
			);
			runOnlyForDeploymentPostprocessing = 0;
		};
/* End PBXFrameworksBuildPhase section */

/* Begin PBXGroup section */
		02D6F6B5191BE4CF00314446 = {
			isa = PBXGroup;
			children = (
				02D6F6C7191BE4CF00314446 /* backup-bob */,
				02D6F6E5191BE4CF00314446 /* backup-bobTests */,
				02D6F6C0191BE4CF00314446 /* Frameworks */,
				02D6F6BF191BE4CF00314446 /* Products */,
				507C52DF7CFC472EAC2BEA97 /* Pods.xcconfig */,
			);
			sourceTree = "<group>";
		};
		02D6F6BF191BE4CF00314446 /* Products */ = {
			isa = PBXGroup;
			children = (
				02D6F6BE191BE4CF00314446 /* backup-bob.app */,
				02D6F6DF191BE4CF00314446 /* backup-bobTests.xctest */,
			);
			name = Products;
			sourceTree = "<group>";
		};
		02D6F6C0191BE4CF00314446 /* Frameworks */ = {
			isa = PBXGroup;
			children = (
				02D6F6C1191BE4CF00314446 /* Cocoa.framework */,
				02D6F6E0191BE4CF00314446 /* XCTest.framework */,
				02D6F6C3191BE4CF00314446 /* Other Frameworks */,
				5B50C1040A8746CE8C176E14 /* libPods.a */,
			);
			name = Frameworks;
			sourceTree = "<group>";
		};
		02D6F6C3191BE4CF00314446 /* Other Frameworks */ = {
			isa = PBXGroup;
			children = (
				02D6F6C4191BE4CF00314446 /* AppKit.framework */,
				02D6F6C5191BE4CF00314446 /* CoreData.framework */,
				02D6F6C6191BE4CF00314446 /* Foundation.framework */,
			);
			name = "Other Frameworks";
			sourceTree = "<group>";
		};
		02D6F6C7191BE4CF00314446 /* backup-bob */ = {
			isa = PBXGroup;
			children = (
				02D6F6D3191BE4CF00314446 /* AppDelegate.h */,
				02D6F6D4191BE4CF00314446 /* AppDelegate.m */,
				02D6F6D6191BE4CF00314446 /* MainMenu.xib */,
				02D6F6D9191BE4CF00314446 /* Images.xcassets */,
				02D6F6C8191BE4CF00314446 /* Supporting Files */,
				AF7ABC285106443DD9AC1446 /* TarsnapClient.m */,
				AF7AB0E0E1D7EBDA3C99DAB0 /* TarsnapClient.h */,
				AF7ABC249C10576F64C19745 /* StatusBarController */,
				AF7AB6F23261931FEF8E27D1 /* Backup */,
				659F2AD9C1FE20000082C703,
				659F26E853029B07C1F520D7 /* Preferences */,
				AF7AB43EF24159FBEC16C7E1 /* UI */,
				659F2D8C9D091C43BDC5D38F /* Categories */,
			);
			path = "backup-bob";
			sourceTree = "<group>";
		};
		02D6F6C8191BE4CF00314446 /* Supporting Files */ = {
			isa = PBXGroup;
			children = (
				02D6F6C9191BE4CF00314446 /* backup-bob-Info.plist */,
				02D6F6CA191BE4CF00314446 /* InfoPlist.strings */,
				02D6F6CD191BE4CF00314446 /* main.m */,
				02D6F6CF191BE4CF00314446 /* backup-bob-Prefix.pch */,
				02D6F6D0191BE4CF00314446 /* Credits.rtf */,
			);
			name = "Supporting Files";
			sourceTree = "<group>";
		};
		02D6F6E5191BE4CF00314446 /* backup-bobTests */ = {
			isa = PBXGroup;
			children = (
				02D6F6EB191BE4CF00314446 /* backup_bobTests.m */,
				02D6F6E6191BE4CF00314446 /* Supporting Files */,
			);
			path = "backup-bobTests";
			sourceTree = "<group>";
		};
		02D6F6E6191BE4CF00314446 /* Supporting Files */ = {
			isa = PBXGroup;
			children = (
				02D6F6E7191BE4CF00314446 /* backup-bobTests-Info.plist */,
				02D6F6E8191BE4CF00314446 /* InfoPlist.strings */,
			);
			name = "Supporting Files";
			sourceTree = "<group>";
		};
		659F26E853029B07C1F520D7 /* Preferences */ = {
			isa = PBXGroup;
			children = (
				659F27C98E4718CFB62B873C /* GeneralPreferencesViewController.h */,
				659F2E7025F9A9EB5016A84F /* GeneralPreferencesViewController.m */,
				659F2C4F8CE0A325D9F0F5A2 /* GeneralPreferencesViewModel.m */,
				659F291BC77B77A823CE7CC0 /* GeneralPreferencesViewModel.h */,
				659F23A3E60B7D304C652414 /* FolderPreferencesViewController.m */,
				659F226374C5BE1E7517B01B /* FolderPreferencesViewController.h */,
			);
			path = Preferences;
			sourceTree = "<group>";
		};
		659F2D8C9D091C43BDC5D38F /* Categories */ = {
			isa = PBXGroup;
			children = (
				659F290947959BC907DC5758 /* NSError+ConvenienceCreatorAdditions.h */,
				659F240CEEC91F34BB1566A9 /* NSError+ConvenienceCreatorAdditions.m */,
			);
			path = Categories;
			sourceTree = "<group>";
		};
		AF7AB43EF24159FBEC16C7E1 /* UI */ = {
			isa = PBXGroup;
			children = (
				AF7AB92BDA4AD8AFCDF9F57D /* bob-retina_360.png */,
				AF7ABF3940A2857E260136AA /* bob-normal_360.png */,
			);
			path = UI;
			sourceTree = SOURCE_ROOT;
		};
		AF7AB6F23261931FEF8E27D1 /* Backup */ = {
			isa = PBXGroup;
			children = (
				AF7AB69644AA702450D6AC69 /* BackupModel.h */,
				AF7ABC03EEF3FF74ABABF4CB /* BackupModel.m */,
			);
			path = Backup;
			sourceTree = "<group>";
		};
		AF7ABC249C10576F64C19745 /* StatusBarController */ = {
			isa = PBXGroup;
			children = (
				AF7AB7061C2A9EBE19973BCC /* StatusBarController.h */,
				AF7AB2A800442D9E7E2F3DCD /* StatusBarController.m */,
				AF7AB2ED9ED488450F07D5AE /* StatusBarViewModel.h */,
				AF7ABBBA6F7248E8D756BC93 /* StatusBarViewModel.m */,
			);
			path = StatusBarController;
			sourceTree = "<group>";
		};
/* End PBXGroup section */

/* Begin PBXNativeTarget section */
		02D6F6BD191BE4CF00314446 /* backup-bob */ = {
			isa = PBXNativeTarget;
			buildConfigurationList = 02D6F6EF191BE4CF00314446 /* Build configuration list for PBXNativeTarget "backup-bob" */;
			buildPhases = (
				5D6F46A60FEB46628803AE9C /* Check Pods Manifest.lock */,
				02D6F6BA191BE4CF00314446 /* Sources */,
				02D6F6BB191BE4CF00314446 /* Frameworks */,
				02D6F6BC191BE4CF00314446 /* Resources */,
				7EB848EA2A154050AAAEF523 /* Copy Pods Resources */,
			);
			buildRules = (
			);
			dependencies = (
			);
			name = "backup-bob";
			productName = "backup-bob";
			productReference = 02D6F6BE191BE4CF00314446 /* backup-bob.app */;
			productType = "com.apple.product-type.application";
		};
		02D6F6DE191BE4CF00314446 /* backup-bobTests */ = {
			isa = PBXNativeTarget;
			buildConfigurationList = 02D6F6F2191BE4CF00314446 /* Build configuration list for PBXNativeTarget "backup-bobTests" */;
			buildPhases = (
				02D6F6DB191BE4CF00314446 /* Sources */,
				02D6F6DC191BE4CF00314446 /* Frameworks */,
				02D6F6DD191BE4CF00314446 /* Resources */,
			);
			buildRules = (
			);
			dependencies = (
				02D6F6E4191BE4CF00314446 /* PBXTargetDependency */,
			);
			name = "backup-bobTests";
			productName = "backup-bobTests";
			productReference = 02D6F6DF191BE4CF00314446 /* backup-bobTests.xctest */;
			productType = "com.apple.product-type.bundle.unit-test";
		};
/* End PBXNativeTarget section */

/* Begin PBXProject section */
		02D6F6B6191BE4CF00314446 /* Project object */ = {
			isa = PBXProject;
			attributes = {
				LastUpgradeCheck = 0510;
				ORGANIZATIONNAME = "Shape A/S";
				TargetAttributes = {
					02D6F6DE191BE4CF00314446 = {
						TestTargetID = 02D6F6BD191BE4CF00314446;
					};
				};
			};
			buildConfigurationList = 02D6F6B9191BE4CF00314446 /* Build configuration list for PBXProject "backup-bob" */;
			compatibilityVersion = "Xcode 3.2";
			developmentRegion = English;
			hasScannedForEncodings = 0;
			knownRegions = (
				en,
				Base,
			);
			mainGroup = 02D6F6B5191BE4CF00314446;
			productRefGroup = 02D6F6BF191BE4CF00314446 /* Products */;
			projectDirPath = "";
			projectReferences = (
			);
			projectRoot = "";
			targets = (
				02D6F6BD191BE4CF00314446 /* backup-bob */,
				02D6F6DE191BE4CF00314446 /* backup-bobTests */,
			);
		};
/* End PBXProject section */

/* Begin PBXResourcesBuildPhase section */
		02D6F6BC191BE4CF00314446 /* Resources */ = {
			isa = PBXResourcesBuildPhase;
			buildActionMask = 2147483647;
			files = (
				02D6F6CC191BE4CF00314446 /* InfoPlist.strings in Resources */,
				02D6F6DA191BE4CF00314446 /* Images.xcassets in Resources */,
				02D6F6D2191BE4CF00314446 /* Credits.rtf in Resources */,
				02D6F6D8191BE4CF00314446 /* MainMenu.xib in Resources */,
				AF7AB5C63AC4C801AAAADF9E /* bob-retina_360.png in Resources */,
				AF7ABE87761A73514189BFDD /* bob-normal_360.png in Resources */,
			);
			runOnlyForDeploymentPostprocessing = 0;
		};
		02D6F6DD191BE4CF00314446 /* Resources */ = {
			isa = PBXResourcesBuildPhase;
			buildActionMask = 2147483647;
			files = (
				02D6F6EA191BE4CF00314446 /* InfoPlist.strings in Resources */,
			);
			runOnlyForDeploymentPostprocessing = 0;
		};
/* End PBXResourcesBuildPhase section */

/* Begin PBXShellScriptBuildPhase section */
		5D6F46A60FEB46628803AE9C /* Check Pods Manifest.lock */ = {
			isa = PBXShellScriptBuildPhase;
			buildActionMask = 2147483647;
			files = (
			);
			inputPaths = (
			);
			name = "Check Pods Manifest.lock";
			outputPaths = (
			);
			runOnlyForDeploymentPostprocessing = 0;
			shellPath = /bin/sh;
			shellScript = "diff \"${PODS_ROOT}/../Podfile.lock\" \"${PODS_ROOT}/Manifest.lock\" > /dev/null\nif [[ $? != 0 ]] ; then\n    cat << EOM\nerror: The sandbox is not in sync with the Podfile.lock. Run 'pod install' or update your CocoaPods installation.\nEOM\n    exit 1\nfi\n";
			showEnvVarsInLog = 0;
		};
		7EB848EA2A154050AAAEF523 /* Copy Pods Resources */ = {
			isa = PBXShellScriptBuildPhase;
			buildActionMask = 2147483647;
			files = (
			);
			inputPaths = (
			);
			name = "Copy Pods Resources";
			outputPaths = (
			);
			runOnlyForDeploymentPostprocessing = 0;
			shellPath = /bin/sh;
			shellScript = "\"${SRCROOT}/Pods/Pods-resources.sh\"\n";
			showEnvVarsInLog = 0;
		};
/* End PBXShellScriptBuildPhase section */

/* Begin PBXSourcesBuildPhase section */
		02D6F6BA191BE4CF00314446 /* Sources */ = {
			isa = PBXSourcesBuildPhase;
			buildActionMask = 2147483647;
			files = (
				02D6F6D5191BE4CF00314446 /* AppDelegate.m in Sources */,
				02D6F6CE191BE4CF00314446 /* main.m in Sources */,
				AF7ABF812B112E873606C829 /* TarsnapClient.m in Sources */,
				AF7AB6677287149CD3796015 /* StatusBarController.m in Sources */,
				AF7ABCAF4ACBBBE4FE4F8A16 /* StatusBarViewModel.m in Sources */,
				AF7ABA290E6F2A987F6B6505 /* BackupModel.m in Sources */,
				659F292955826CD9FE5394DB /* GeneralPreferencesViewController.m in Sources */,
				659F2C20EE047879C45D40D6 /* GeneralPreferencesViewModel.m in Sources */,
				659F26320DCBA62162FE978C /* FolderPreferencesViewController.m in Sources */,
				659F27A3A2BB20C9F4B6D94C /* NSError+ConvenienceCreatorAdditions.m in Sources */,
			);
			runOnlyForDeploymentPostprocessing = 0;
		};
		02D6F6DB191BE4CF00314446 /* Sources */ = {
			isa = PBXSourcesBuildPhase;
			buildActionMask = 2147483647;
			files = (
				02D6F6EC191BE4CF00314446 /* backup_bobTests.m in Sources */,
			);
			runOnlyForDeploymentPostprocessing = 0;
		};
/* End PBXSourcesBuildPhase section */

/* Begin PBXTargetDependency section */
		02D6F6E4191BE4CF00314446 /* PBXTargetDependency */ = {
			isa = PBXTargetDependency;
			target = 02D6F6BD191BE4CF00314446 /* backup-bob */;
			targetProxy = 02D6F6E3191BE4CF00314446 /* PBXContainerItemProxy */;
		};
/* End PBXTargetDependency section */

/* Begin PBXVariantGroup section */
		02D6F6CA191BE4CF00314446 /* InfoPlist.strings */ = {
			isa = PBXVariantGroup;
			children = (
				02D6F6CB191BE4CF00314446 /* en */,
			);
			name = InfoPlist.strings;
			sourceTree = "<group>";
		};
		02D6F6D0191BE4CF00314446 /* Credits.rtf */ = {
			isa = PBXVariantGroup;
			children = (
				02D6F6D1191BE4CF00314446 /* en */,
			);
			name = Credits.rtf;
			sourceTree = "<group>";
		};
		02D6F6D6191BE4CF00314446 /* MainMenu.xib */ = {
			isa = PBXVariantGroup;
			children = (
				02D6F6D7191BE4CF00314446 /* Base */,
			);
			name = MainMenu.xib;
			sourceTree = "<group>";
		};
		02D6F6E8191BE4CF00314446 /* InfoPlist.strings */ = {
			isa = PBXVariantGroup;
			children = (
				02D6F6E9191BE4CF00314446 /* en */,
			);
			name = InfoPlist.strings;
			sourceTree = "<group>";
		};
/* End PBXVariantGroup section */

/* Begin XCBuildConfiguration section */
		02D6F6ED191BE4CF00314446 /* Debug */ = {
			isa = XCBuildConfiguration;
			buildSettings = {
				ALWAYS_SEARCH_USER_PATHS = NO;
				CLANG_CXX_LANGUAGE_STANDARD = "gnu++0x";
				CLANG_CXX_LIBRARY = "libc++";
				CLANG_ENABLE_MODULES = YES;
				CLANG_ENABLE_OBJC_ARC = YES;
				CLANG_WARN_BOOL_CONVERSION = YES;
				CLANG_WARN_CONSTANT_CONVERSION = YES;
				CLANG_WARN_DIRECT_OBJC_ISA_USAGE = YES_ERROR;
				CLANG_WARN_EMPTY_BODY = YES;
				CLANG_WARN_ENUM_CONVERSION = YES;
				CLANG_WARN_INT_CONVERSION = YES;
				CLANG_WARN_OBJC_ROOT_CLASS = YES_ERROR;
				CLANG_WARN__DUPLICATE_METHOD_MATCH = YES;
				COPY_PHASE_STRIP = NO;
				GCC_C_LANGUAGE_STANDARD = gnu99;
				GCC_DYNAMIC_NO_PIC = NO;
				GCC_ENABLE_OBJC_EXCEPTIONS = YES;
				GCC_OPTIMIZATION_LEVEL = 0;
				GCC_PREPROCESSOR_DEFINITIONS = (
					"DEBUG=1",
					"$(inherited)",
				);
				GCC_SYMBOLS_PRIVATE_EXTERN = NO;
				GCC_WARN_64_TO_32_BIT_CONVERSION = YES;
				GCC_WARN_ABOUT_RETURN_TYPE = YES_ERROR;
				GCC_WARN_UNDECLARED_SELECTOR = YES;
				GCC_WARN_UNINITIALIZED_AUTOS = YES_AGGRESSIVE;
				GCC_WARN_UNUSED_FUNCTION = YES;
				GCC_WARN_UNUSED_VARIABLE = YES;
				MACOSX_DEPLOYMENT_TARGET = 10.9;
				ONLY_ACTIVE_ARCH = YES;
				SDKROOT = macosx;
			};
			name = Debug;
		};
		02D6F6EE191BE4CF00314446 /* Release */ = {
			isa = XCBuildConfiguration;
			buildSettings = {
				ALWAYS_SEARCH_USER_PATHS = NO;
				CLANG_CXX_LANGUAGE_STANDARD = "gnu++0x";
				CLANG_CXX_LIBRARY = "libc++";
				CLANG_ENABLE_MODULES = YES;
				CLANG_ENABLE_OBJC_ARC = YES;
				CLANG_WARN_BOOL_CONVERSION = YES;
				CLANG_WARN_CONSTANT_CONVERSION = YES;
				CLANG_WARN_DIRECT_OBJC_ISA_USAGE = YES_ERROR;
				CLANG_WARN_EMPTY_BODY = YES;
				CLANG_WARN_ENUM_CONVERSION = YES;
				CLANG_WARN_INT_CONVERSION = YES;
				CLANG_WARN_OBJC_ROOT_CLASS = YES_ERROR;
				CLANG_WARN__DUPLICATE_METHOD_MATCH = YES;
				COPY_PHASE_STRIP = YES;
				DEBUG_INFORMATION_FORMAT = "dwarf-with-dsym";
				ENABLE_NS_ASSERTIONS = NO;
				GCC_C_LANGUAGE_STANDARD = gnu99;
				GCC_ENABLE_OBJC_EXCEPTIONS = YES;
				GCC_WARN_64_TO_32_BIT_CONVERSION = YES;
				GCC_WARN_ABOUT_RETURN_TYPE = YES_ERROR;
				GCC_WARN_UNDECLARED_SELECTOR = YES;
				GCC_WARN_UNINITIALIZED_AUTOS = YES_AGGRESSIVE;
				GCC_WARN_UNUSED_FUNCTION = YES;
				GCC_WARN_UNUSED_VARIABLE = YES;
				MACOSX_DEPLOYMENT_TARGET = 10.9;
				SDKROOT = macosx;
			};
			name = Release;
		};
		02D6F6F0191BE4CF00314446 /* Debug */ = {
			isa = XCBuildConfiguration;
			baseConfigurationReference = 507C52DF7CFC472EAC2BEA97 /* Pods.xcconfig */;
			buildSettings = {
				ASSETCATALOG_COMPILER_APPICON_NAME = AppIcon;
				COMBINE_HIDPI_IMAGES = YES;
				GCC_PRECOMPILE_PREFIX_HEADER = YES;
				GCC_PREFIX_HEADER = "backup-bob/backup-bob-Prefix.pch";
				INFOPLIST_FILE = "backup-bob/backup-bob-Info.plist";
				PRODUCT_NAME = "$(TARGET_NAME)";
				USER_HEADER_SEARCH_PATHS = "\"${PROJECT_DIR}/Pods\"/**";
				WRAPPER_EXTENSION = app;
			};
			name = Debug;
		};
		02D6F6F1191BE4CF00314446 /* Release */ = {
			isa = XCBuildConfiguration;
			baseConfigurationReference = 507C52DF7CFC472EAC2BEA97 /* Pods.xcconfig */;
			buildSettings = {
				ASSETCATALOG_COMPILER_APPICON_NAME = AppIcon;
				COMBINE_HIDPI_IMAGES = YES;
				GCC_PRECOMPILE_PREFIX_HEADER = YES;
				GCC_PREFIX_HEADER = "backup-bob/backup-bob-Prefix.pch";
				INFOPLIST_FILE = "backup-bob/backup-bob-Info.plist";
				PRODUCT_NAME = "$(TARGET_NAME)";
				USER_HEADER_SEARCH_PATHS = "\"${PROJECT_DIR}/Pods\"/**";
				WRAPPER_EXTENSION = app;
			};
			name = Release;
		};
		02D6F6F3191BE4CF00314446 /* Debug */ = {
			isa = XCBuildConfiguration;
			buildSettings = {
				BUNDLE_LOADER = "$(BUILT_PRODUCTS_DIR)/backup-bob.app/Contents/MacOS/backup-bob";
				COMBINE_HIDPI_IMAGES = YES;
				FRAMEWORK_SEARCH_PATHS = (
					"$(DEVELOPER_FRAMEWORKS_DIR)",
					"$(inherited)",
				);
				GCC_PRECOMPILE_PREFIX_HEADER = YES;
				GCC_PREFIX_HEADER = "backup-bob/backup-bob-Prefix.pch";
				GCC_PREPROCESSOR_DEFINITIONS = (
					"DEBUG=1",
					"$(inherited)",
				);
				INFOPLIST_FILE = "backup-bobTests/backup-bobTests-Info.plist";
				PRODUCT_NAME = "$(TARGET_NAME)";
				TEST_HOST = "$(BUNDLE_LOADER)";
				WRAPPER_EXTENSION = xctest;
			};
			name = Debug;
		};
		02D6F6F4191BE4CF00314446 /* Release */ = {
			isa = XCBuildConfiguration;
			buildSettings = {
				BUNDLE_LOADER = "$(BUILT_PRODUCTS_DIR)/backup-bob.app/Contents/MacOS/backup-bob";
				COMBINE_HIDPI_IMAGES = YES;
				FRAMEWORK_SEARCH_PATHS = (
					"$(DEVELOPER_FRAMEWORKS_DIR)",
					"$(inherited)",
				);
				GCC_PRECOMPILE_PREFIX_HEADER = YES;
				GCC_PREFIX_HEADER = "backup-bob/backup-bob-Prefix.pch";
				INFOPLIST_FILE = "backup-bobTests/backup-bobTests-Info.plist";
				PRODUCT_NAME = "$(TARGET_NAME)";
				TEST_HOST = "$(BUNDLE_LOADER)";
				WRAPPER_EXTENSION = xctest;
			};
			name = Release;
		};
/* End XCBuildConfiguration section */

/* Begin XCConfigurationList section */
		02D6F6B9191BE4CF00314446 /* Build configuration list for PBXProject "backup-bob" */ = {
			isa = XCConfigurationList;
			buildConfigurations = (
				02D6F6ED191BE4CF00314446 /* Debug */,
				02D6F6EE191BE4CF00314446 /* Release */,
			);
			defaultConfigurationIsVisible = 0;
			defaultConfigurationName = Release;
		};
		02D6F6EF191BE4CF00314446 /* Build configuration list for PBXNativeTarget "backup-bob" */ = {
			isa = XCConfigurationList;
			buildConfigurations = (
				02D6F6F0191BE4CF00314446 /* Debug */,
				02D6F6F1191BE4CF00314446 /* Release */,
			);
			defaultConfigurationIsVisible = 0;
		};
		02D6F6F2191BE4CF00314446 /* Build configuration list for PBXNativeTarget "backup-bobTests" */ = {
			isa = XCConfigurationList;
			buildConfigurations = (
				02D6F6F3191BE4CF00314446 /* Debug */,
				02D6F6F4191BE4CF00314446 /* Release */,
			);
			defaultConfigurationIsVisible = 0;
		};
/* End XCConfigurationList section */
	};
	rootObject = 02D6F6B6191BE4CF00314446 /* Project object */;
}
